
Microsoft Visual Studio Solution File, Format Version 11.00
# Visual Studio 2010
Project("{FAE04EC0-301F-11D3-BF4B-00C04F79EFBC}") = "ClearCache", "ClearCache\ClearCache.csproj", "{6C60D5B2-DE81-47D3-8173-DF146F3A8A9B}"
EndProject
Global
	GlobalSection(SolutionConfigurationPlatforms) = preSolution
		Debug|Any CPU = Debug|Any CPU
		Release|Any CPU = Release|Any CPU
	EndGlobalSection
	GlobalSection(ProjectConfigurationPlatforms) = postSolution
		{6C60D5B2-DE81-47D3-8173-DF146F3A8A9B}.Debug|Any CPU.ActiveCfg = Debug|Any CPU
		{6C60D5B2-DE81-47D3-8173-DF146F3A8A9B}.Debug|Any CPU.Build.0 = Debug|Any CPU
		{6C60D5B2-DE81-47D3-8173-DF146F3A8A9B}.Release|Any CPU.ActiveCfg = Release|Any CPU
		{6C60D5B2-DE81-47D3-8173-DF146F3A8A9B}.Release|Any CPU.Build.0 = Release|Any CPU
	EndGlobalSection
	GlobalSection(SolutionProperties) = preSolution
		HideSolutionNode = FALSE
	EndGlobalSection
EndGlobal
